
Microsoft Visual Studio Solution File, Format Version 12.00
# Visual Studio Version 16
VisualStudioVersion = 16.0.30621.155
MinimumVisualStudioVersion = 10.0.40219.1
Project("{FAE04EC0-301F-11D3-BF4B-00C04F79EFBC}") = "DWorldProject", "DWorldProject\DWorldProject.csproj", "{45A64BCB-8985-446C-8BA2-1765DFC676AF}"
EndProject
Global
	GlobalSection(SolutionConfigurationPlatforms) = preSolution
		Debug|Any CPU = Debug|Any CPU
		Release|Any CPU = Release|Any CPU
	EndGlobalSection
	GlobalSection(ProjectConfigurationPlatforms) = postSolution
		{45A64BCB-8985-446C-8BA2-1765DFC676AF}.Debug|Any CPU.ActiveCfg = Debug|Any CPU
		{45A64BCB-8985-446C-8BA2-1765DFC676AF}.Debug|Any CPU.Build.0 = Debug|Any CPU
		{45A64BCB-8985-446C-8BA2-1765DFC676AF}.Release|Any CPU.ActiveCfg = Release|Any CPU
		{45A64BCB-8985-446C-8BA2-1765DFC676AF}.Release|Any CPU.Build.0 = Release|Any CPU
	EndGlobalSection
	GlobalSection(SolutionProperties) = preSolution
		HideSolutionNode = FALSE
	EndGlobalSection
	GlobalSection(ExtensibilityGlobals) = postSolution
		SolutionGuid = {1984C231-34D3-4B54-9AD4-028A3CE96E3E}
	EndGlobalSection
EndGlobal
